{
  "projects": [
    {
      "projectId": "a7TAS5D5YXQzv692CQ5xSD",
      "version": "latest",
      "dependencies": {},
      "lang": "js",
      "fileLocks": [
        {
          "type": "globalVariant",
          "assetId": "20PVpOcfZek",
          "checksum": "7b80dec585409f169942c178cd69d51d"
        },
        {
          "type": "renderModule",
          "assetId": "hSS7-YPNMS",
          "checksum": "49d81e79cee0fcacf5ff69b2211a71f0"
        },
        {
          "type": "cssRules",
          "assetId": "hSS7-YPNMS",
          "checksum": "49d81e79cee0fcacf5ff69b2211a71f0"
        },
        {
          "type": "renderModule",
          "assetId": "rCy3GbArI5",
          "checksum": "277cbf3a36ce1cd4b772602188ae32d9"
        },
        {
          "type": "cssRules",
          "assetId": "rCy3GbArI5",
          "checksum": "277cbf3a36ce1cd4b772602188ae32d9"
        },
        {
          "type": "renderModule",
          "assetId": "ymGsLy5iOY",
          "checksum": "b3ea69fb4d7c3eb58950247b3947ba59"
        },
        {
          "type": "cssRules",
          "assetId": "ymGsLy5iOY",
          "checksum": "b3ea69fb4d7c3eb58950247b3947ba59"
        },
        {
          "type": "renderModule",
          "assetId": "3DOOUgAQZgA",
          "checksum": "faef507f0e7bf007b3e8cf6c383b620a"
        },
        {
          "type": "cssRules",
          "assetId": "3DOOUgAQZgA",
          "checksum": "faef507f0e7bf007b3e8cf6c383b620a"
        },
        {
          "type": "icon",
          "assetId": "AgW1UYarLz",
          "checksum": "56f9d6b7a8aff87f551713c77c0709eb"
        },
        {
          "type": "icon",
          "assetId": "cdZsNMb-WaV",
          "checksum": "869b024aa1a66d2c831542e6354dee2a"
        },
        {
          "type": "icon",
          "assetId": "z2L5Mtr0Xpp",
          "checksum": "663ffa9ee8808905b3b245d479de2ed5"
        },
        {
          "type": "icon",
          "assetId": "AOhC70hsnT7",
          "checksum": "4253120e05913437dd1c24ee3ae29215"
        },
        {
          "type": "icon",
          "assetId": "N4WDnrBqw",
          "checksum": "535aaa7832961853cfef1725bc103a70"
        },
        {
          "type": "icon",
          "assetId": "XyJq-zU79E",
          "checksum": "2031feafa47fd28062211195b072f1d1"
        },
        {
          "type": "icon",
          "assetId": "XV3v1go3yG",
          "checksum": "5ff13e7beb110c0e6a91d0383ee19d1b"
        },
        {
          "type": "icon",
          "assetId": "r_AdPZUAvP2",
          "checksum": "b0f3a3d6d05721ff364753925e3ed104"
        },
        {
          "type": "icon",
          "assetId": "IVftXjyc0km",
          "checksum": "ee52b7355de03b9767d7fec3ad23af2a"
        },
        {
          "type": "icon",
          "assetId": "v0NAqs69JiF",
          "checksum": "2d18d3321ed95a8f97cf2b6fe416bfe4"
        },
        {
          "type": "icon",
          "assetId": "o4vthOQ1Qo7",
          "checksum": "c9c19f5f47da1a921fc064eab8506c97"
        },
        {
          "type": "icon",
          "assetId": "M7j_eC1FIeT",
          "checksum": "8e1c961eff05aac7be8f8634673e3bc7"
        },
        {
          "type": "icon",
          "assetId": "stY3m5WqWoG",
          "checksum": "1fd052331e501d56e79be78a49e4b47a"
        },
        {
          "type": "icon",
          "assetId": "zQS6-DCym6_",
          "checksum": "0ab54f44267080b2a301196098541008"
        },
        {
          "type": "icon",
          "assetId": "tUJpRi474u",
          "checksum": "957ec9e6379acf16beaf8044dc4a851c"
        },
        {
          "type": "icon",
          "assetId": "PknH7KtG-m",
          "checksum": "ecbeb561649819a2c6fd9988a9131238"
        },
        {
          "type": "icon",
          "assetId": "33jHc5DmFk",
          "checksum": "2f0252446596daf79df90032a8c0645b"
        },
        {
          "type": "icon",
          "assetId": "JrNwuesiFLb",
          "checksum": "860fe013675cb524081f68d26705800c"
        },
        {
          "type": "icon",
          "assetId": "Q_aJ7VUoxfk",
          "checksum": "fd8e3a0766fbd7197cad02fb9f2bb7dc"
        },
        {
          "type": "icon",
          "assetId": "mTBKZbtRjDC",
          "checksum": "b236611a95497991e28dabc0f433a362"
        },
        {
          "type": "icon",
          "assetId": "OvkHwZCXIuE",
          "checksum": "d3c1cc9c404585d7077046f5d30b9927"
        },
        {
          "type": "icon",
          "assetId": "-AmghSp2nYW",
          "checksum": "d0b179affefb30a930f46385a0ba0a53"
        },
        {
          "type": "icon",
          "assetId": "YGnRFM4JyUZ",
          "checksum": "0d6c5022a4df8bd18dddb176eba4360b"
        },
        {
          "type": "icon",
          "assetId": "xXRT2qfkxG",
          "checksum": "d5d299a6ca296ce4943dbc1c484504cb"
        },
        {
          "type": "icon",
          "assetId": "KGvJ6UR6dRr",
          "checksum": "bec20e3704f479bab9ed55374b12e466"
        },
        {
          "type": "icon",
          "assetId": "A5zQ3tPYW-z",
          "checksum": "5f2d6f516fe98540019cfa2335235f3e"
        },
        {
          "type": "icon",
          "assetId": "By3s_2O-sUJ",
          "checksum": "e4a4158efeee88d61a6fa9fb025eaaa8"
        },
        {
          "type": "icon",
          "assetId": "qLQHf2BpYnO",
          "checksum": "737d460f79052c8b5cedb07d1a9b49e5"
        },
        {
          "type": "icon",
          "assetId": "Vo6fmg67qf8",
          "checksum": "2910d0fac4a4144bcb8a8cd6cade8239"
        },
        {
          "type": "icon",
          "assetId": "Zy6woqf51h2",
          "checksum": "2356dda41839f0fb6c89884042547040"
        },
        {
          "type": "image",
          "assetId": "JvhGIwGnr",
          "checksum": "8347d84a78b27f15fce134a567caa5fc"
        },
        {
          "type": "image",
          "assetId": "TI5NGP_3pG",
          "checksum": "55c783d7c9d3cef7abba9c216b826977"
        },
        {
          "type": "image",
          "assetId": "QnzQ4NCTTc",
          "checksum": "942585b072505af8d49394107ceaadae"
        },
        {
          "type": "image",
          "assetId": "tzjiWeyxCB",
          "checksum": "298cf1d045310bda66087a800fab15a9"
        },
        {
          "type": "image",
          "assetId": "M5f47C55P-",
          "checksum": "3459cd9505673aef462fbdf974c0ab05"
        },
        {
          "type": "image",
          "assetId": "ZloxlFgcKX",
          "checksum": "cfa27046df9b30f91c84b22dbdbaa2b7"
        },
        {
          "type": "image",
          "assetId": "mQHCThzO_1",
          "checksum": "51d642b2adfc255a9173e3a529e91beb"
        },
        {
          "type": "image",
          "assetId": "_cF91Zaudc",
          "checksum": "dd978d5b9c84e58c30b4bd03568cc0e5"
        },
        {
          "type": "image",
          "assetId": "Dn1nsj_rsh",
          "checksum": "1a8d3404aed776e0869cf5e14875e706"
        },
        {
          "type": "image",
          "assetId": "6SdBYfIbR5h",
          "checksum": "14909ce4446f7013387e8432cf8332dc"
        },
        {
          "type": "image",
          "assetId": "M3eSpiRigix",
          "checksum": "79d0aa1b407661642964cfdf944373de"
        },
        {
          "type": "image",
          "assetId": "Z1Vvgga4lAR",
          "checksum": "a6f60aeab95e7cf0a812ea7750eb6bb0"
        },
        {
          "type": "image",
          "assetId": "YL7eDL7RTT",
          "checksum": "6dd01451e560ca810829e78f8e2c4255"
        },
        {
          "type": "image",
          "assetId": "JNCwAzfbeiS",
          "checksum": "70d441df5eb1334c9b1579c6833ecbd4"
        },
        {
          "type": "image",
          "assetId": "ExUhI5YgXOR",
          "checksum": "3bed4ae0b9eed46e61fce57e2c3db407"
        },
        {
          "assetId": "a7TAS5D5YXQzv692CQ5xSD",
          "type": "projectCss",
          "checksum": "583c5381c604040ce76f6b134fd3c4a7"
        }
      ]
    }
  ],
  "cliVersion": "0.1.166"
}
